
Microsoft Visual Studio Solution File, Format Version 12.00
# Visual Studio 2013
VisualStudioVersion = 12.0.31101.0
MinimumVisualStudioVersion = 10.0.40219.1
Project("{FAE04EC0-301F-11D3-BF4B-00C04F79EFBC}") = "Amrs", "Amrs\Amrs.csproj", "{66B3C780-A519-49AC-AC40-3867605711B5}"
EndProject
Project("{FAE04EC0-301F-11D3-BF4B-00C04F79EFBC}") = "Amrs.Core", "Amrs.Core\Amrs.Core.csproj", "{BDD711F7-C541-4236-9AB6-AAFCF8892BD1}"
EndProject
Project("{FAE04EC0-301F-11D3-BF4B-00C04F79EFBC}") = "Arms.Modis", "Arms.Modis\Arms.Modis.csproj", "{7A9344F5-C05B-4D3C-8D5F-D673272E408F}"
EndProject
Global
	GlobalSection(SolutionConfigurationPlatforms) = preSolution
		Debug|Any CPU = Debug|Any CPU
		Release|Any CPU = Release|Any CPU
	EndGlobalSection
	GlobalSection(ProjectConfigurationPlatforms) = postSolution
		{66B3C780-A519-49AC-AC40-3867605711B5}.Debug|Any CPU.ActiveCfg = Debug|Any CPU
		{66B3C780-A519-49AC-AC40-3867605711B5}.Debug|Any CPU.Build.0 = Debug|Any CPU
		{66B3C780-A519-49AC-AC40-3867605711B5}.Release|Any CPU.ActiveCfg = Release|Any CPU
		{66B3C780-A519-49AC-AC40-3867605711B5}.Release|Any CPU.Build.0 = Release|Any CPU
		{BDD711F7-C541-4236-9AB6-AAFCF8892BD1}.Debug|Any CPU.ActiveCfg = Debug|Any CPU
		{BDD711F7-C541-4236-9AB6-AAFCF8892BD1}.Debug|Any CPU.Build.0 = Debug|Any CPU
		{BDD711F7-C541-4236-9AB6-AAFCF8892BD1}.Release|Any CPU.ActiveCfg = Release|Any CPU
		{BDD711F7-C541-4236-9AB6-AAFCF8892BD1}.Release|Any CPU.Build.0 = Release|Any CPU
		{7A9344F5-C05B-4D3C-8D5F-D673272E408F}.Debug|Any CPU.ActiveCfg = Debug|Any CPU
		{7A9344F5-C05B-4D3C-8D5F-D673272E408F}.Debug|Any CPU.Build.0 = Debug|Any CPU
		{7A9344F5-C05B-4D3C-8D5F-D673272E408F}.Release|Any CPU.ActiveCfg = Release|Any CPU
		{7A9344F5-C05B-4D3C-8D5F-D673272E408F}.Release|Any CPU.Build.0 = Release|Any CPU
	EndGlobalSection
	GlobalSection(SolutionProperties) = preSolution
		HideSolutionNode = FALSE
	EndGlobalSection
EndGlobal
