
Microsoft Visual Studio Solution File, Format Version 12.00
# Visual Studio 2013
VisualStudioVersion = 12.0.21005.1
MinimumVisualStudioVersion = 10.0.40219.1
Project("{FAE04EC0-301F-11D3-BF4B-00C04F79EFBC}") = "Hdwas", "Hdwas\Hdwas\Hdwas.csproj", "{6B3F3EDD-AF4D-4A13-BBB0-B45D2DA7A903}"
EndProject
Project("{FAE04EC0-301F-11D3-BF4B-00C04F79EFBC}") = "Hdwas.Core", "Hdwas\Hdwas.Core\Hdwas.Core.csproj", "{401E33AD-842F-4629-AF21-2BE0866E3EFA}"
EndProject
Project("{FAE04EC0-301F-11D3-BF4B-00C04F79EFBC}") = "Hdwas2", "Hdwas\Hdwas2\Hdwas2.csproj", "{93134212-C7D9-45A5-8615-8B42DE644C9F}"
EndProject
Global
	GlobalSection(SolutionConfigurationPlatforms) = preSolution
		Debug|Any CPU = Debug|Any CPU
		Release|Any CPU = Release|Any CPU
	EndGlobalSection
	GlobalSection(ProjectConfigurationPlatforms) = postSolution
		{6B3F3EDD-AF4D-4A13-BBB0-B45D2DA7A903}.Debug|Any CPU.ActiveCfg = Debug|Any CPU
		{6B3F3EDD-AF4D-4A13-BBB0-B45D2DA7A903}.Debug|Any CPU.Build.0 = Debug|Any CPU
		{6B3F3EDD-AF4D-4A13-BBB0-B45D2DA7A903}.Release|Any CPU.ActiveCfg = Release|Any CPU
		{6B3F3EDD-AF4D-4A13-BBB0-B45D2DA7A903}.Release|Any CPU.Build.0 = Release|Any CPU
		{401E33AD-842F-4629-AF21-2BE0866E3EFA}.Debug|Any CPU.ActiveCfg = Debug|Any CPU
		{401E33AD-842F-4629-AF21-2BE0866E3EFA}.Debug|Any CPU.Build.0 = Debug|Any CPU
		{401E33AD-842F-4629-AF21-2BE0866E3EFA}.Release|Any CPU.ActiveCfg = Release|Any CPU
		{401E33AD-842F-4629-AF21-2BE0866E3EFA}.Release|Any CPU.Build.0 = Release|Any CPU
		{93134212-C7D9-45A5-8615-8B42DE644C9F}.Debug|Any CPU.ActiveCfg = Debug|Any CPU
		{93134212-C7D9-45A5-8615-8B42DE644C9F}.Debug|Any CPU.Build.0 = Debug|Any CPU
		{93134212-C7D9-45A5-8615-8B42DE644C9F}.Release|Any CPU.ActiveCfg = Release|Any CPU
		{93134212-C7D9-45A5-8615-8B42DE644C9F}.Release|Any CPU.Build.0 = Release|Any CPU
	EndGlobalSection
	GlobalSection(SolutionProperties) = preSolution
		HideSolutionNode = FALSE
	EndGlobalSection
EndGlobal
